
Microsoft Visual Studio Solution File, Format Version 12.00
# Visual Studio 15
VisualStudioVersion = 15.0.28307.1831
MinimumVisualStudioVersion = 10.0.40219.1
Project("{FAE04EC0-301F-11D3-BF4B-00C04F79EFBC}") = "CRPrac", "CRPrac\CRPrac.csproj", "{AE6C7FBE-3119-4B41-A2C5-08FAC9CD1E4A}"
EndProject
Global
	GlobalSection(SolutionConfigurationPlatforms) = preSolution
		Debug|Any CPU = Debug|Any CPU
		Release|Any CPU = Release|Any CPU
	EndGlobalSection
	GlobalSection(ProjectConfigurationPlatforms) = postSolution
		{AE6C7FBE-3119-4B41-A2C5-08FAC9CD1E4A}.Debug|Any CPU.ActiveCfg = Debug|Any CPU
		{AE6C7FBE-3119-4B41-A2C5-08FAC9CD1E4A}.Debug|Any CPU.Build.0 = Debug|Any CPU
		{AE6C7FBE-3119-4B41-A2C5-08FAC9CD1E4A}.Release|Any CPU.ActiveCfg = Release|Any CPU
		{AE6C7FBE-3119-4B41-A2C5-08FAC9CD1E4A}.Release|Any CPU.Build.0 = Release|Any CPU
	EndGlobalSection
	GlobalSection(SolutionProperties) = preSolution
		HideSolutionNode = FALSE
	EndGlobalSection
	GlobalSection(ExtensibilityGlobals) = postSolution
		SolutionGuid = {1CFCD993-032E-49E3-9858-66DDB0EC7BF8}
	EndGlobalSection
EndGlobal
