
Microsoft Visual Studio Solution File, Format Version 12.00
# Visual Studio 15
VisualStudioVersion = 15.0.28307.1831
MinimumVisualStudioVersion = 10.0.40219.1
Project("{FAE04EC0-301F-11D3-BF4B-00C04F79EFBC}") = "LoginWpfTest", "LoginWpfTest\LoginWpfTest.csproj", "{A1100856-5BAC-47E4-BB88-DBE3154F49D8}"
EndProject
Global
	GlobalSection(SolutionConfigurationPlatforms) = preSolution
		Debug|Any CPU = Debug|Any CPU
		Release|Any CPU = Release|Any CPU
	EndGlobalSection
	GlobalSection(ProjectConfigurationPlatforms) = postSolution
		{A1100856-5BAC-47E4-BB88-DBE3154F49D8}.Debug|Any CPU.ActiveCfg = Debug|Any CPU
		{A1100856-5BAC-47E4-BB88-DBE3154F49D8}.Debug|Any CPU.Build.0 = Debug|Any CPU
		{A1100856-5BAC-47E4-BB88-DBE3154F49D8}.Release|Any CPU.ActiveCfg = Release|Any CPU
		{A1100856-5BAC-47E4-BB88-DBE3154F49D8}.Release|Any CPU.Build.0 = Release|Any CPU
	EndGlobalSection
	GlobalSection(SolutionProperties) = preSolution
		HideSolutionNode = FALSE
	EndGlobalSection
	GlobalSection(ExtensibilityGlobals) = postSolution
		SolutionGuid = {0692F679-48A2-48C4-A917-46B413F4045B}
	EndGlobalSection
EndGlobal
