
Microsoft Visual Studio Solution File, Format Version 12.00
# Visual Studio 15
VisualStudioVersion = 15.0.28307.1831
MinimumVisualStudioVersion = 10.0.40219.1
Project("{FAE04EC0-301F-11D3-BF4B-00C04F79EFBC}") = "DemoApi", "DemoApi\DemoApi.csproj", "{869227B0-E8AF-45BB-A556-255EAF4A92AF}"
EndProject
Global
	GlobalSection(SolutionConfigurationPlatforms) = preSolution
		Debug|Any CPU = Debug|Any CPU
		Release|Any CPU = Release|Any CPU
	EndGlobalSection
	GlobalSection(ProjectConfigurationPlatforms) = postSolution
		{869227B0-E8AF-45BB-A556-255EAF4A92AF}.Debug|Any CPU.ActiveCfg = Debug|Any CPU
		{869227B0-E8AF-45BB-A556-255EAF4A92AF}.Debug|Any CPU.Build.0 = Debug|Any CPU
		{869227B0-E8AF-45BB-A556-255EAF4A92AF}.Release|Any CPU.ActiveCfg = Release|Any CPU
		{869227B0-E8AF-45BB-A556-255EAF4A92AF}.Release|Any CPU.Build.0 = Release|Any CPU
	EndGlobalSection
	GlobalSection(SolutionProperties) = preSolution
		HideSolutionNode = FALSE
	EndGlobalSection
	GlobalSection(ExtensibilityGlobals) = postSolution
		SolutionGuid = {68FC759A-8E85-4E01-A65E-2B86D237E918}
	EndGlobalSection
EndGlobal
