
Microsoft Visual Studio Solution File, Format Version 12.00
# Visual Studio 15
VisualStudioVersion = 15.0.28307.1831
MinimumVisualStudioVersion = 10.0.40219.1
Project("{FAE04EC0-301F-11D3-BF4B-00C04F79EFBC}") = "WpfAndWinFromSameProject", "WpfAndWinFromSameProject\WpfAndWinFromSameProject.csproj", "{08834039-3BCA-453E-8BFA-3AD435F7AF2D}"
EndProject
Global
	GlobalSection(SolutionConfigurationPlatforms) = preSolution
		Debug|Any CPU = Debug|Any CPU
		Release|Any CPU = Release|Any CPU
	EndGlobalSection
	GlobalSection(ProjectConfigurationPlatforms) = postSolution
		{08834039-3BCA-453E-8BFA-3AD435F7AF2D}.Debug|Any CPU.ActiveCfg = Debug|Any CPU
		{08834039-3BCA-453E-8BFA-3AD435F7AF2D}.Debug|Any CPU.Build.0 = Debug|Any CPU
		{08834039-3BCA-453E-8BFA-3AD435F7AF2D}.Release|Any CPU.ActiveCfg = Release|Any CPU
		{08834039-3BCA-453E-8BFA-3AD435F7AF2D}.Release|Any CPU.Build.0 = Release|Any CPU
	EndGlobalSection
	GlobalSection(SolutionProperties) = preSolution
		HideSolutionNode = FALSE
	EndGlobalSection
	GlobalSection(ExtensibilityGlobals) = postSolution
		SolutionGuid = {6A15FB39-6F0E-429B-9481-7067C4081A0C}
	EndGlobalSection
EndGlobal
