
Microsoft Visual Studio Solution File, Format Version 12.00
# Visual Studio 15
VisualStudioVersion = 15.0.28307.1831
MinimumVisualStudioVersion = 10.0.40219.1
Project("{FAE04EC0-301F-11D3-BF4B-00C04F79EFBC}") = "FinalTesttwoProjectinOneSolution", "FinalTesttwoProjectinOneSolution\FinalTesttwoProjectinOneSolution.csproj", "{4EDF758D-CE99-4F5B-8BA0-05CF8089D6DF}"
EndProject
Project("{FAE04EC0-301F-11D3-BF4B-00C04F79EFBC}") = "LoginUIWPF", "LoginUIWPF\LoginUIWPF.csproj", "{04B99D84-46BE-482F-8979-F75814868047}"
EndProject
Global
	GlobalSection(SolutionConfigurationPlatforms) = preSolution
		Debug|Any CPU = Debug|Any CPU
		Release|Any CPU = Release|Any CPU
	EndGlobalSection
	GlobalSection(ProjectConfigurationPlatforms) = postSolution
		{4EDF758D-CE99-4F5B-8BA0-05CF8089D6DF}.Debug|Any CPU.ActiveCfg = Debug|Any CPU
		{4EDF758D-CE99-4F5B-8BA0-05CF8089D6DF}.Debug|Any CPU.Build.0 = Debug|Any CPU
		{4EDF758D-CE99-4F5B-8BA0-05CF8089D6DF}.Release|Any CPU.ActiveCfg = Release|Any CPU
		{4EDF758D-CE99-4F5B-8BA0-05CF8089D6DF}.Release|Any CPU.Build.0 = Release|Any CPU
		{04B99D84-46BE-482F-8979-F75814868047}.Debug|Any CPU.ActiveCfg = Debug|Any CPU
		{04B99D84-46BE-482F-8979-F75814868047}.Debug|Any CPU.Build.0 = Debug|Any CPU
		{04B99D84-46BE-482F-8979-F75814868047}.Release|Any CPU.ActiveCfg = Release|Any CPU
		{04B99D84-46BE-482F-8979-F75814868047}.Release|Any CPU.Build.0 = Release|Any CPU
	EndGlobalSection
	GlobalSection(SolutionProperties) = preSolution
		HideSolutionNode = FALSE
	EndGlobalSection
	GlobalSection(ExtensibilityGlobals) = postSolution
		SolutionGuid = {4AA1A426-6626-4311-AF98-2F0E6524AB45}
	EndGlobalSection
EndGlobal
